
Microsoft Visual Studio Solution File, Format Version 12.00
# Visual Studio 15
VisualStudioVersion = 15.0.27428.1
MinimumVisualStudioVersion = 10.0.40219.1
Project("{FAE04EC0-301F-11D3-BF4B-00C04F79EFBC}") = "schultzder_Prog7", "schultzder_Prog6\schultzder_Prog7.csproj", "{ACAF74D0-71CD-4CBD-AB68-6918EFDA6D21}"
EndProject
Global
	GlobalSection(SolutionConfigurationPlatforms) = preSolution
		Debug|Any CPU = Debug|Any CPU
		Release|Any CPU = Release|Any CPU
	EndGlobalSection
	GlobalSection(ProjectConfigurationPlatforms) = postSolution
		{ACAF74D0-71CD-4CBD-AB68-6918EFDA6D21}.Debug|Any CPU.ActiveCfg = Debug|Any CPU
		{ACAF74D0-71CD-4CBD-AB68-6918EFDA6D21}.Debug|Any CPU.Build.0 = Debug|Any CPU
		{ACAF74D0-71CD-4CBD-AB68-6918EFDA6D21}.Release|Any CPU.ActiveCfg = Release|Any CPU
		{ACAF74D0-71CD-4CBD-AB68-6918EFDA6D21}.Release|Any CPU.Build.0 = Release|Any CPU
	EndGlobalSection
	GlobalSection(SolutionProperties) = preSolution
		HideSolutionNode = FALSE
	EndGlobalSection
	GlobalSection(ExtensibilityGlobals) = postSolution
		SolutionGuid = {D6141734-89E6-4409-A15A-74F7595582FA}
	EndGlobalSection
EndGlobal
